
Microsoft Visual Studio Solution File, Format Version 12.00
# Visual Studio Version 17
VisualStudioVersion = 17.4.33403.182
MinimumVisualStudioVersion = 10.0.40219.1
Project("{FAE04EC0-301F-11D3-BF4B-00C04F79EFBC}") = "PruebaCronometrada", "PruebaCronometrada\PruebaCronometrada.csproj", "{46F27F11-0264-4BBD-95CA-02EEC7FA1AAC}"
EndProject
Global
	GlobalSection(SolutionConfigurationPlatforms) = preSolution
		Debug|Any CPU = Debug|Any CPU
		Release|Any CPU = Release|Any CPU
	EndGlobalSection
	GlobalSection(ProjectConfigurationPlatforms) = postSolution
		{46F27F11-0264-4BBD-95CA-02EEC7FA1AAC}.Debug|Any CPU.ActiveCfg = Debug|Any CPU
		{46F27F11-0264-4BBD-95CA-02EEC7FA1AAC}.Debug|Any CPU.Build.0 = Debug|Any CPU
		{46F27F11-0264-4BBD-95CA-02EEC7FA1AAC}.Release|Any CPU.ActiveCfg = Release|Any CPU
		{46F27F11-0264-4BBD-95CA-02EEC7FA1AAC}.Release|Any CPU.Build.0 = Release|Any CPU
	EndGlobalSection
	GlobalSection(SolutionProperties) = preSolution
		HideSolutionNode = FALSE
	EndGlobalSection
	GlobalSection(ExtensibilityGlobals) = postSolution
		SolutionGuid = {DAD6B4CE-57A7-4F5A-AA61-4E98705756E7}
	EndGlobalSection
EndGlobal
